# This file is autogenerated, do not edit; changes may be undone by the next 'dep ensure'.


[[projects]]
  branch = "master"
  digest = "1:cf7759da55c9f1dfa3eefff1dbe140f0877d9081a0fa2d973a55595cbf11325c"
  name = "github.com/AreaHQ/jsonhal"
  packages = ["."]
  pruneopts = ""
  revision = "715ffaec982bc9cb2636d5cadcd6def5f92fa49f"

[[projects]]
  digest = "1:20e3b61797cba6a42b110320b703a0b86e2771f324411e75557c2acbc819b1b5"
  name = "github.com/gorilla/mux"
  packages = ["."]
  pruneopts = ""
  revision = "98cb6bf42e086f6af920b965c38cacc07402d51b"
  version = "v1.8.0"

[[projects]]
  digest = "1:6b55df4b0517a459af9d3879c99330af4367adcf45f3d0d37ded80a6272ae057"
  name = "github.com/satori/go.uuid"
  packages = ["."]
  pruneopts = ""
  revision = "879c5887cd475cd7864858769793b2ceb0d44feb"
  version = "v1.1.0"

[[projects]]
  digest = "1:8cce7ac3155e85d9054c69f804654e698002c2eae33b83c6b47d8615a4dd7838"
  name = "gopkg.in/square/go-jose.v2"
  packages = [
    ".",
    "cipher",
    "json",
    "jwt",
  ]
  pruneopts = ""
  revision = "b25e6cab129e4a54675b42ea49d38e9c33ade9e6"
  version = "v2.1.2"

[solve-meta]
  analyzer-name = "dep"
  analyzer-version = 1
  input-imports = [
    "github.com/AreaHQ/jsonhal",
    "github.com/gorilla/mux",
    "github.com/satori/go.uuid",
    "gopkg.in/square/go-jose.v2",
    "gopkg.in/square/go-jose.v2/json",
    "gopkg.in/square/go-jose.v2/jwt",
  ]
  solver-name = "gps-cdcl"
  solver-version = 1
